
Microsoft Visual Studio Solution File, Format Version 12.00
# Visual Studio Version 16
VisualStudioVersion = 16.0.30320.27
MinimumVisualStudioVersion = 10.0.40219.1
Project("{8BC9CEB8-8B4A-11D0-8D11-00A0C91BC942}") = "Space_invader", "Space_invader\Space_invader.vcxproj", "{E402C71C-4450-486A-A18C-7EB3D10F9E73}"
EndProject
Global
	GlobalSection(SolutionConfigurationPlatforms) = preSolution
		Debug|x64 = Debug|x64
		Debug|x86 = Debug|x86
		Release|x64 = Release|x64
		Release|x86 = Release|x86
	EndGlobalSection
	GlobalSection(ProjectConfigurationPlatforms) = postSolution
		{E402C71C-4450-486A-A18C-7EB3D10F9E73}.Debug|x64.ActiveCfg = Debug|x64
		{E402C71C-4450-486A-A18C-7EB3D10F9E73}.Debug|x64.Build.0 = Debug|x64
		{E402C71C-4450-486A-A18C-7EB3D10F9E73}.Debug|x86.ActiveCfg = Debug|Win32
		{E402C71C-4450-486A-A18C-7EB3D10F9E73}.Debug|x86.Build.0 = Debug|Win32
		{E402C71C-4450-486A-A18C-7EB3D10F9E73}.Release|x64.ActiveCfg = Release|x64
		{E402C71C-4450-486A-A18C-7EB3D10F9E73}.Release|x64.Build.0 = Release|x64
		{E402C71C-4450-486A-A18C-7EB3D10F9E73}.Release|x86.ActiveCfg = Release|Win32
		{E402C71C-4450-486A-A18C-7EB3D10F9E73}.Release|x86.Build.0 = Release|Win32
	EndGlobalSection
	GlobalSection(SolutionProperties) = preSolution
		HideSolutionNode = FALSE
	EndGlobalSection
	GlobalSection(ExtensibilityGlobals) = postSolution
		SolutionGuid = {002CF7BB-E778-46D4-9377-1FEA8946A120}
	EndGlobalSection
EndGlobal
